// !$*UTF8*$!
{
	archiveVersion = 1;
	classes = {
	};
	objectVersion = 55;
	objects = {

/* Begin PBXBuildFile section */
		A70EC89927F5D81200F6C190 /* TabBarController.swift in Sources */ = {isa = PBXBuildFile; fileRef = A70EC89827F5D81200F6C190 /* TabBarController.swift */; };
		A70EC89B27F5D8B000F6C190 /* NavigationController.swift in Sources */ = {isa = PBXBuildFile; fileRef = A70EC89A27F5D8B000F6C190 /* NavigationController.swift */; };
		A70EC89D27F5D91100F6C190 /* MainViewController.swift in Sources */ = {isa = PBXBuildFile; fileRef = A70EC89C27F5D91100F6C190 /* MainViewController.swift */; };
		A70EC89F27F5DBCB00F6C190 /* SecondaryViewController.swift in Sources */ = {isa = PBXBuildFile; fileRef = A70EC89E27F5DBCB00F6C190 /* SecondaryViewController.swift */; };
		A70EC8A127F5FAAB00F6C190 /* SettingsViewController.swift in Sources */ = {isa = PBXBuildFile; fileRef = A70EC8A027F5FAAB00F6C190 /* SettingsViewController.swift */; };
		A71115A82819BC11002A90E1 /* CollectionViewLayout.swift in Sources */ = {isa = PBXBuildFile; fileRef = A71115A72819BC11002A90E1 /* CollectionViewLayout.swift */; };
		A71115B9283541E3002A90E1 /* HistoryGameTableViewCell.swift in Sources */ = {isa = PBXBuildFile; fileRef = A71115B8283541E3002A90E1 /* HistoryGameTableViewCell.swift */; };
		A7641BFE2812E0B300D98D11 /* Array+Extension.swift in Sources */ = {isa = PBXBuildFile; fileRef = A7641BFD2812E0B300D98D11 /* Array+Extension.swift */; };
		A771A979281721FB00A9CEF8 /* StatisticsViewController.swift in Sources */ = {isa = PBXBuildFile; fileRef = A771A978281721FB00A9CEF8 /* StatisticsViewController.swift */; };
		A7B6946227F5B83200DEE06E /* AppDelegate.swift in Sources */ = {isa = PBXBuildFile; fileRef = A7B6946127F5B83200DEE06E /* AppDelegate.swift */; };
		A7B6946B27F5B83300DEE06E /* Assets.xcassets in Resources */ = {isa = PBXBuildFile; fileRef = A7B6946A27F5B83300DEE06E /* Assets.xcassets */; };
		A7B6946E27F5B83300DEE06E /* LaunchScreen.storyboard in Resources */ = {isa = PBXBuildFile; fileRef = A7B6946C27F5B83300DEE06E /* LaunchScreen.storyboard */; };
/* End PBXBuildFile section */

/* Begin PBXFileReference section */
		A70EC89827F5D81200F6C190 /* TabBarController.swift */ = {isa = PBXFileReference; lastKnownFileType = sourcecode.swift; path = TabBarController.swift; sourceTree = "<group>"; };
		A70EC89A27F5D8B000F6C190 /* NavigationController.swift */ = {isa = PBXFileReference; lastKnownFileType = sourcecode.swift; path = NavigationController.swift; sourceTree = "<group>"; };
		A70EC89C27F5D91100F6C190 /* MainViewController.swift */ = {isa = PBXFileReference; lastKnownFileType = sourcecode.swift; path = MainViewController.swift; sourceTree = "<group>"; };
		A70EC89E27F5DBCB00F6C190 /* SecondaryViewController.swift */ = {isa = PBXFileReference; lastKnownFileType = sourcecode.swift; path = SecondaryViewController.swift; sourceTree = "<group>"; };
		A70EC8A027F5FAAB00F6C190 /* SettingsViewController.swift */ = {isa = PBXFileReference; lastKnownFileType = sourcecode.swift; path = SettingsViewController.swift; sourceTree = "<group>"; };
		A71115A72819BC11002A90E1 /* CollectionViewLayout.swift */ = {isa = PBXFileReference; lastKnownFileType = sourcecode.swift; path = CollectionViewLayout.swift; sourceTree = "<group>"; };
		A71115B8283541E3002A90E1 /* HistoryGameTableViewCell.swift */ = {isa = PBXFileReference; lastKnownFileType = sourcecode.swift; path = HistoryGameTableViewCell.swift; sourceTree = "<group>"; };
		A7641BFD2812E0B300D98D11 /* Array+Extension.swift */ = {isa = PBXFileReference; lastKnownFileType = sourcecode.swift; path = "Array+Extension.swift"; sourceTree = "<group>"; };
		A771A978281721FB00A9CEF8 /* StatisticsViewController.swift */ = {isa = PBXFileReference; lastKnownFileType = sourcecode.swift; path = StatisticsViewController.swift; sourceTree = "<group>"; };
		A7B6945E27F5B83200DEE06E /* SenlaTask4.app */ = {isa = PBXFileReference; explicitFileType = wrapper.application; includeInIndex = 0; path = SenlaTask4.app; sourceTree = BUILT_PRODUCTS_DIR; };
		A7B6946127F5B83200DEE06E /* AppDelegate.swift */ = {isa = PBXFileReference; lastKnownFileType = sourcecode.swift; path = AppDelegate.swift; sourceTree = "<group>"; };
		A7B6946A27F5B83300DEE06E /* Assets.xcassets */ = {isa = PBXFileReference; lastKnownFileType = folder.assetcatalog; path = Assets.xcassets; sourceTree = "<group>"; };
		A7B6946D27F5B83300DEE06E /* Base */ = {isa = PBXFileReference; lastKnownFileType = file.storyboard; name = Base; path = Base.lproj/LaunchScreen.storyboard; sourceTree = "<group>"; };
		A7B6946F27F5B83300DEE06E /* Info.plist */ = {isa = PBXFileReference; lastKnownFileType = text.plist.xml; path = Info.plist; sourceTree = "<group>"; };
/* End PBXFileReference section */

/* Begin PBXFrameworksBuildPhase section */
		A7B6945B27F5B83200DEE06E /* Frameworks */ = {
			isa = PBXFrameworksBuildPhase;
			buildActionMask = 2147483647;
			files = (
			);
			runOnlyForDeploymentPostprocessing = 0;
		};
/* End PBXFrameworksBuildPhase section */

/* Begin PBXGroup section */
		A7B6945527F5B83200DEE06E = {
			isa = PBXGroup;
			children = (
				A7B6946027F5B83200DEE06E /* SenlaTask4 */,
				A7B6945F27F5B83200DEE06E /* Products */,
			);
			sourceTree = "<group>";
		};
		A7B6945F27F5B83200DEE06E /* Products */ = {
			isa = PBXGroup;
			children = (
				A7B6945E27F5B83200DEE06E /* SenlaTask4.app */,
			);
			name = Products;
			sourceTree = "<group>";
		};
		A7B6946027F5B83200DEE06E /* SenlaTask4 */ = {
			isa = PBXGroup;
			children = (
				A71115A72819BC11002A90E1 /* CollectionViewLayout.swift */,
				A7B6946127F5B83200DEE06E /* AppDelegate.swift */,
				A7B6946A27F5B83300DEE06E /* Assets.xcassets */,
				A7B6946C27F5B83300DEE06E /* LaunchScreen.storyboard */,
				A7B6946F27F5B83300DEE06E /* Info.plist */,
				A70EC89827F5D81200F6C190 /* TabBarController.swift */,
				A70EC89A27F5D8B000F6C190 /* NavigationController.swift */,
				A70EC89C27F5D91100F6C190 /* MainViewController.swift */,
				A70EC8A027F5FAAB00F6C190 /* SettingsViewController.swift */,
				A70EC89E27F5DBCB00F6C190 /* SecondaryViewController.swift */,
				A7641BFD2812E0B300D98D11 /* Array+Extension.swift */,
				A771A978281721FB00A9CEF8 /* StatisticsViewController.swift */,
				A71115B8283541E3002A90E1 /* HistoryGameTableViewCell.swift */,
			);
			path = SenlaTask4;
			sourceTree = "<group>";
		};
/* End PBXGroup section */

/* Begin PBXNativeTarget section */
		A7B6945D27F5B83200DEE06E /* SenlaTask4 */ = {
			isa = PBXNativeTarget;
			buildConfigurationList = A7B6947227F5B83300DEE06E /* Build configuration list for PBXNativeTarget "SenlaTask4" */;
			buildPhases = (
				A7B6945A27F5B83200DEE06E /* Sources */,
				A7B6945B27F5B83200DEE06E /* Frameworks */,
				A7B6945C27F5B83200DEE06E /* Resources */,
			);
			buildRules = (
			);
			dependencies = (
			);
			name = SenlaTask4;
			productName = SenlaTask4;
			productReference = A7B6945E27F5B83200DEE06E /* SenlaTask4.app */;
			productType = "com.apple.product-type.application";
		};
/* End PBXNativeTarget section */

/* Begin PBXProject section */
		A7B6945627F5B83200DEE06E /* Project object */ = {
			isa = PBXProject;
			attributes = {
				BuildIndependentTargetsInParallel = 1;
				LastSwiftUpdateCheck = 1330;
				LastUpgradeCheck = 1330;
				TargetAttributes = {
					A7B6945D27F5B83200DEE06E = {
						CreatedOnToolsVersion = 13.3;
					};
				};
			};
			buildConfigurationList = A7B6945927F5B83200DEE06E /* Build configuration list for PBXProject "SenlaTask4" */;
			compatibilityVersion = "Xcode 13.0";
			developmentRegion = en;
			hasScannedForEncodings = 0;
			knownRegions = (
				en,
				Base,
			);
			mainGroup = A7B6945527F5B83200DEE06E;
			productRefGroup = A7B6945F27F5B83200DEE06E /* Products */;
			projectDirPath = "";
			projectRoot = "";
			targets = (
				A7B6945D27F5B83200DEE06E /* SenlaTask4 */,
			);
		};
/* End PBXProject section */

/* Begin PBXResourcesBuildPhase section */
		A7B6945C27F5B83200DEE06E /* Resources */ = {
			isa = PBXResourcesBuildPhase;
			buildActionMask = 2147483647;
			files = (
				A7B6946E27F5B83300DEE06E /* LaunchScreen.storyboard in Resources */,
				A7B6946B27F5B83300DEE06E /* Assets.xcassets in Resources */,
			);
			runOnlyForDeploymentPostprocessing = 0;
		};
/* End PBXResourcesBuildPhase section */

/* Begin PBXSourcesBuildPhase section */
		A7B6945A27F5B83200DEE06E /* Sources */ = {
			isa = PBXSourcesBuildPhase;
			buildActionMask = 2147483647;
			files = (
				A771A979281721FB00A9CEF8 /* StatisticsViewController.swift in Sources */,
				A70EC89927F5D81200F6C190 /* TabBarController.swift in Sources */,
				A70EC89B27F5D8B000F6C190 /* NavigationController.swift in Sources */,
				A70EC8A127F5FAAB00F6C190 /* SettingsViewController.swift in Sources */,
				A7B6946227F5B83200DEE06E /* AppDelegate.swift in Sources */,
				A7641BFE2812E0B300D98D11 /* Array+Extension.swift in Sources */,
				A71115A82819BC11002A90E1 /* CollectionViewLayout.swift in Sources */,
				A70EC89D27F5D91100F6C190 /* MainViewController.swift in Sources */,
				A71115B9283541E3002A90E1 /* HistoryGameTableViewCell.swift in Sources */,
				A70EC89F27F5DBCB00F6C190 /* SecondaryViewController.swift in Sources */,
			);
			runOnlyForDeploymentPostprocessing = 0;
		};
/* End PBXSourcesBuildPhase section */

/* Begin PBXVariantGroup section */
		A7B6946C27F5B83300DEE06E /* LaunchScreen.storyboard */ = {
			isa = PBXVariantGroup;
			children = (
				A7B6946D27F5B83300DEE06E /* Base */,
			);
			name = LaunchScreen.storyboard;
			sourceTree = "<group>";
		};
/* End PBXVariantGroup section */

/* Begin XCBuildConfiguration section */
		A7B6947027F5B83300DEE06E /* Debug */ = {
			isa = XCBuildConfiguration;
			buildSettings = {
				ALWAYS_SEARCH_USER_PATHS = NO;
				CLANG_ANALYZER_NONNULL = YES;
				CLANG_ANALYZER_NUMBER_OBJECT_CONVERSION = YES_AGGRESSIVE;
				CLANG_CXX_LANGUAGE_STANDARD = "gnu++17";
				CLANG_ENABLE_MODULES = YES;
				CLANG_ENABLE_OBJC_ARC = YES;
				CLANG_ENABLE_OBJC_WEAK = YES;
				CLANG_WARN_BLOCK_CAPTURE_AUTORELEASING = YES;
				CLANG_WARN_BOOL_CONVERSION = YES;
				CLANG_WARN_COMMA = YES;
				CLANG_WARN_CONSTANT_CONVERSION = YES;
				CLANG_WARN_DEPRECATED_OBJC_IMPLEMENTATIONS = YES;
				CLANG_WARN_DIRECT_OBJC_ISA_USAGE = YES_ERROR;
				CLANG_WARN_DOCUMENTATION_COMMENTS = YES;
				CLANG_WARN_EMPTY_BODY = YES;
				CLANG_WARN_ENUM_CONVERSION = YES;
				CLANG_WARN_INFINITE_RECURSION = YES;
				CLANG_WARN_INT_CONVERSION = YES;
				CLANG_WARN_NON_LITERAL_NULL_CONVERSION = YES;
				CLANG_WARN_OBJC_IMPLICIT_RETAIN_SELF = YES;
				CLANG_WARN_OBJC_LITERAL_CONVERSION = YES;
				CLANG_WARN_OBJC_ROOT_CLASS = YES_ERROR;
				CLANG_WARN_QUOTED_INCLUDE_IN_FRAMEWORK_HEADER = YES;
				CLANG_WARN_RANGE_LOOP_ANALYSIS = YES;
				CLANG_WARN_STRICT_PROTOTYPES = YES;
				CLANG_WARN_SUSPICIOUS_MOVE = YES;
				CLANG_WARN_UNGUARDED_AVAILABILITY = YES_AGGRESSIVE;
				CLANG_WARN_UNREACHABLE_CODE = YES;
				CLANG_WARN__DUPLICATE_METHOD_MATCH = YES;
				COPY_PHASE_STRIP = NO;
				DEBUG_INFORMATION_FORMAT = dwarf;
				ENABLE_STRICT_OBJC_MSGSEND = YES;
				ENABLE_TESTABILITY = YES;
				GCC_C_LANGUAGE_STANDARD = gnu11;
				GCC_DYNAMIC_NO_PIC = NO;
				GCC_NO_COMMON_BLOCKS = YES;
				GCC_OPTIMIZATION_LEVEL = 0;
				GCC_PREPROCESSOR_DEFINITIONS = (
					"DEBUG=1",
					"$(inherited)",
				);
				GCC_WARN_64_TO_32_BIT_CONVERSION = YES;
				GCC_WARN_ABOUT_RETURN_TYPE = YES_ERROR;
				GCC_WARN_UNDECLARED_SELECTOR = YES;
				GCC_WARN_UNINITIALIZED_AUTOS = YES_AGGRESSIVE;
				GCC_WARN_UNUSED_FUNCTION = YES;
				GCC_WARN_UNUSED_VARIABLE = YES;
				IPHONEOS_DEPLOYMENT_TARGET = 15.4;
				MTL_ENABLE_DEBUG_INFO = INCLUDE_SOURCE;
				MTL_FAST_MATH = YES;
				ONLY_ACTIVE_ARCH = YES;
				SDKROOT = iphoneos;
				SWIFT_ACTIVE_COMPILATION_CONDITIONS = DEBUG;
				SWIFT_OPTIMIZATION_LEVEL = "-Onone";
			};
			name = Debug;
		};
		A7B6947127F5B83300DEE06E /* Release */ = {
			isa = XCBuildConfiguration;
			buildSettings = {
				ALWAYS_SEARCH_USER_PATHS = NO;
				CLANG_ANALYZER_NONNULL = YES;
				CLANG_ANALYZER_NUMBER_OBJECT_CONVERSION = YES_AGGRESSIVE;
				CLANG_CXX_LANGUAGE_STANDARD = "gnu++17";
				CLANG_ENABLE_MODULES = YES;
				CLANG_ENABLE_OBJC_ARC = YES;
				CLANG_ENABLE_OBJC_WEAK = YES;
				CLANG_WARN_BLOCK_CAPTURE_AUTORELEASING = YES;
				CLANG_WARN_BOOL_CONVERSION = YES;
				CLANG_WARN_COMMA = YES;
				CLANG_WARN_CONSTANT_CONVERSION = YES;
				CLANG_WARN_DEPRECATED_OBJC_IMPLEMENTATIONS = YES;
				CLANG_WARN_DIRECT_OBJC_ISA_USAGE = YES_ERROR;
				CLANG_WARN_DOCUMENTATION_COMMENTS = YES;
				CLANG_WARN_EMPTY_BODY = YES;
				CLANG_WARN_ENUM_CONVERSION = YES;
				CLANG_WARN_INFINITE_RECURSION = YES;
				CLANG_WARN_INT_CONVERSION = YES;
				CLANG_WARN_NON_LITERAL_NULL_CONVERSION = YES;
				CLANG_WARN_OBJC_IMPLICIT_RETAIN_SELF = YES;
				CLANG_WARN_OBJC_LITERAL_CONVERSION = YES;
				CLANG_WARN_OBJC_ROOT_CLASS = YES_ERROR;
				CLANG_WARN_QUOTED_INCLUDE_IN_FRAMEWORK_HEADER = YES;
				CLANG_WARN_RANGE_LOOP_ANALYSIS = YES;
				CLANG_WARN_STRICT_PROTOTYPES = YES;
				CLANG_WARN_SUSPICIOUS_MOVE = YES;
				CLANG_WARN_UNGUARDED_AVAILABILITY = YES_AGGRESSIVE;
				CLANG_WARN_UNREACHABLE_CODE = YES;
				CLANG_WARN__DUPLICATE_METHOD_MATCH = YES;
				COPY_PHASE_STRIP = NO;
				DEBUG_INFORMATION_FORMAT = "dwarf-with-dsym";
				ENABLE_NS_ASSERTIONS = NO;
				ENABLE_STRICT_OBJC_MSGSEND = YES;
				GCC_C_LANGUAGE_STANDARD = gnu11;
				GCC_NO_COMMON_BLOCKS = YES;
				GCC_WARN_64_TO_32_BIT_CONVERSION = YES;
				GCC_WARN_ABOUT_RETURN_TYPE = YES_ERROR;
				GCC_WARN_UNDECLARED_SELECTOR = YES;
				GCC_WARN_UNINITIALIZED_AUTOS = YES_AGGRESSIVE;
				GCC_WARN_UNUSED_FUNCTION = YES;
				GCC_WARN_UNUSED_VARIABLE = YES;
				IPHONEOS_DEPLOYMENT_TARGET = 15.4;
				MTL_ENABLE_DEBUG_INFO = NO;
				MTL_FAST_MATH = YES;
				SDKROOT = iphoneos;
				SWIFT_COMPILATION_MODE = wholemodule;
				SWIFT_OPTIMIZATION_LEVEL = "-O";
				VALIDATE_PRODUCT = YES;
			};
			name = Release;
		};
		A7B6947327F5B83300DEE06E /* Debug */ = {
			isa = XCBuildConfiguration;
			buildSettings = {
				ASSETCATALOG_COMPILER_APPICON_NAME = AppIcon;
				ASSETCATALOG_COMPILER_GLOBAL_ACCENT_COLOR_NAME = AccentColor;
				CODE_SIGN_STYLE = Automatic;
				CURRENT_PROJECT_VERSION = 1;
				DEVELOPMENT_TEAM = NULFF73AXP;
				GENERATE_INFOPLIST_FILE = YES;
				INFOPLIST_FILE = SenlaTask4/Info.plist;
				INFOPLIST_KEY_UIApplicationSupportsIndirectInputEvents = YES;
				INFOPLIST_KEY_UILaunchStoryboardName = LaunchScreen;
				INFOPLIST_KEY_UISupportedInterfaceOrientations_iPad = "UIInterfaceOrientationPortrait UIInterfaceOrientationPortraitUpsideDown UIInterfaceOrientationLandscapeLeft UIInterfaceOrientationLandscapeRight";
				INFOPLIST_KEY_UISupportedInterfaceOrientations_iPhone = "UIInterfaceOrientationPortrait UIInterfaceOrientationLandscapeLeft UIInterfaceOrientationLandscapeRight";
				LD_RUNPATH_SEARCH_PATHS = (
					"$(inherited)",
					"@executable_path/Frameworks",
				);
				MARKETING_VERSION = 1.0;
				PRODUCT_BUNDLE_IDENTIFIER = NikitaMakarevich.SenlaTask4;
				PRODUCT_NAME = "$(TARGET_NAME)";
				SWIFT_EMIT_LOC_STRINGS = YES;
				SWIFT_VERSION = 5.0;
				TARGETED_DEVICE_FAMILY = "1,2";
			};
			name = Debug;
		};
		A7B6947427F5B83300DEE06E /* Release */ = {
			isa = XCBuildConfiguration;
			buildSettings = {
				ASSETCATALOG_COMPILER_APPICON_NAME = AppIcon;
				ASSETCATALOG_COMPILER_GLOBAL_ACCENT_COLOR_NAME = AccentColor;
				CODE_SIGN_STYLE = Automatic;
				CURRENT_PROJECT_VERSION = 1;
				DEVELOPMENT_TEAM = NULFF73AXP;
				GENERATE_INFOPLIST_FILE = YES;
				INFOPLIST_FILE = SenlaTask4/Info.plist;
				INFOPLIST_KEY_UIApplicationSupportsIndirectInputEvents = YES;
				INFOPLIST_KEY_UILaunchStoryboardName = LaunchScreen;
				INFOPLIST_KEY_UISupportedInterfaceOrientations_iPad = "UIInterfaceOrientationPortrait UIInterfaceOrientationPortraitUpsideDown UIInterfaceOrientationLandscapeLeft UIInterfaceOrientationLandscapeRight";
				INFOPLIST_KEY_UISupportedInterfaceOrientations_iPhone = "UIInterfaceOrientationPortrait UIInterfaceOrientationLandscapeLeft UIInterfaceOrientationLandscapeRight";
				LD_RUNPATH_SEARCH_PATHS = (
					"$(inherited)",
					"@executable_path/Frameworks",
				);
				MARKETING_VERSION = 1.0;
				PRODUCT_BUNDLE_IDENTIFIER = NikitaMakarevich.SenlaTask4;
				PRODUCT_NAME = "$(TARGET_NAME)";
				SWIFT_EMIT_LOC_STRINGS = YES;
				SWIFT_VERSION = 5.0;
				TARGETED_DEVICE_FAMILY = "1,2";
			};
			name = Release;
		};
/* End XCBuildConfiguration section */

/* Begin XCConfigurationList section */
		A7B6945927F5B83200DEE06E /* Build configuration list for PBXProject "SenlaTask4" */ = {
			isa = XCConfigurationList;
			buildConfigurations = (
				A7B6947027F5B83300DEE06E /* Debug */,
				A7B6947127F5B83300DEE06E /* Release */,
			);
			defaultConfigurationIsVisible = 0;
			defaultConfigurationName = Release;
		};
		A7B6947227F5B83300DEE06E /* Build configuration list for PBXNativeTarget "SenlaTask4" */ = {
			isa = XCConfigurationList;
			buildConfigurations = (
				A7B6947327F5B83300DEE06E /* Debug */,
				A7B6947427F5B83300DEE06E /* Release */,
			);
			defaultConfigurationIsVisible = 0;
			defaultConfigurationName = Release;
		};
/* End XCConfigurationList section */
	};
	rootObject = A7B6945627F5B83200DEE06E /* Project object */;
}
